
Microsoft Visual Studio Solution File, Format Version 12.00
# Visual Studio Version 17
VisualStudioVersion = 17.0.31903.59
MinimumVisualStudioVersion = 10.0.40219.1
Project("{FAE04EC0-301F-11D3-BF4B-00C04F79EFBC}") = "Lavadoras.API", "LavadorasBackend.API\Lavadoras.API.csproj", "{A0220147-30D1-4727-800B-B005C0CFC1EF}"
EndProject
Project("{FAE04EC0-301F-11D3-BF4B-00C04F79EFBC}") = "Lavadoras.Application", "LavadorasBackend.Application\Lavadoras.Application.csproj", "{CFE368CE-C394-4E93-A4A4-82081E5D4D33}"
EndProject
Project("{FAE04EC0-301F-11D3-BF4B-00C04F79EFBC}") = "Lavadoras.Domain", "LavadorasBackend.Domain\Lavadoras.Domain.csproj", "{3D9CB20D-830E-4DE7-87B5-FB73E62F579A}"
EndProject
Project("{FAE04EC0-301F-11D3-BF4B-00C04F79EFBC}") = "Lavadoras.Persistence", "LavadorasBackend.Persistence\Lavadoras.Persistence.csproj", "{4AEFE631-1109-4186-9222-D78286E6961E}"
EndProject
Global
	GlobalSection(SolutionConfigurationPlatforms) = preSolution
		Debug|Any CPU = Debug|Any CPU
		Release|Any CPU = Release|Any CPU
	EndGlobalSection
	GlobalSection(ProjectConfigurationPlatforms) = postSolution
		{A0220147-30D1-4727-800B-B005C0CFC1EF}.Debug|Any CPU.ActiveCfg = Debug|Any CPU
		{A0220147-30D1-4727-800B-B005C0CFC1EF}.Debug|Any CPU.Build.0 = Debug|Any CPU
		{A0220147-30D1-4727-800B-B005C0CFC1EF}.Release|Any CPU.ActiveCfg = Release|Any CPU
		{A0220147-30D1-4727-800B-B005C0CFC1EF}.Release|Any CPU.Build.0 = Release|Any CPU
		{CFE368CE-C394-4E93-A4A4-82081E5D4D33}.Debug|Any CPU.ActiveCfg = Debug|Any CPU
		{CFE368CE-C394-4E93-A4A4-82081E5D4D33}.Debug|Any CPU.Build.0 = Debug|Any CPU
		{CFE368CE-C394-4E93-A4A4-82081E5D4D33}.Release|Any CPU.ActiveCfg = Release|Any CPU
		{CFE368CE-C394-4E93-A4A4-82081E5D4D33}.Release|Any CPU.Build.0 = Release|Any CPU
		{3D9CB20D-830E-4DE7-87B5-FB73E62F579A}.Debug|Any CPU.ActiveCfg = Debug|Any CPU
		{3D9CB20D-830E-4DE7-87B5-FB73E62F579A}.Debug|Any CPU.Build.0 = Debug|Any CPU
		{3D9CB20D-830E-4DE7-87B5-FB73E62F579A}.Release|Any CPU.ActiveCfg = Release|Any CPU
		{3D9CB20D-830E-4DE7-87B5-FB73E62F579A}.Release|Any CPU.Build.0 = Release|Any CPU
		{4AEFE631-1109-4186-9222-D78286E6961E}.Debug|Any CPU.ActiveCfg = Debug|Any CPU
		{4AEFE631-1109-4186-9222-D78286E6961E}.Debug|Any CPU.Build.0 = Debug|Any CPU
		{4AEFE631-1109-4186-9222-D78286E6961E}.Release|Any CPU.ActiveCfg = Release|Any CPU
		{4AEFE631-1109-4186-9222-D78286E6961E}.Release|Any CPU.Build.0 = Release|Any CPU
	EndGlobalSection
	GlobalSection(SolutionProperties) = preSolution
		HideSolutionNode = FALSE
	EndGlobalSection
EndGlobal
